<?xml version="1.0" encoding="utf-8"?>
<Project ToolsVersion="4.0" xmlns="http://schemas.microsoft.com/developer/msbuild/2003">
  <ItemGroup>
    <Filter Include="Source Files">
      <UniqueIdentifier>{6aafd53c-c007-4814-97d4-3439fa1d0a9a}</UniqueIdentifier>
      <Extensions>cpp;c;cxx;rc;def;r;odl;idl;hpj;bat</Extensions>
    </Filter>
    <Filter Include="Header Files">
      <UniqueIdentifier>{fc272fe5-d59e-4e1b-8e06-aca1641da130}</UniqueIdentifier>
      <Extensions>h;hpp;hxx;hm;inl</Extensions>
    </Filter>
    <Filter Include="Resource Files">
      <UniqueIdentifier>{2c42acd5-c8fe-4fbe-b37d-d0985d45b11e}</UniqueIdentifier>
      <Extensions>ico;cur;bmp;dlg;rc2;rct;bin;rgs;gif;jpg;jpeg;jpe</Extensions>
    </Filter>
  </ItemGroup>
  <ItemGroup>
    <ClCompile Include="..\SRC\ABSTRDLG.CPP">
      <Filter>Source Files</Filter>
    </ClCompile>
    <ClCompile Include="..\SRC\APPMODE.CPP">
      <Filter>Source Files</Filter>
    </ClCompile>
    <ClCompile Include="..\SRC\ASSOC.CPP">
      <Filter>Source Files</Filter>
    </ClCompile>
    <ClCompile Include="..\SRC\BARDLG.CPP">
      <Filter>Source Files</Filter>
    </ClCompile>
    <ClCompile Include="..\SRC\BLDMODE.CPP">
      <Filter>Source Files</Filter>
    </ClCompile>
    <ClCompile Include="..\SRC\BMPDEF.CPP">
      <Filter>Source Files</Filter>
    </ClCompile>
    <ClCompile Include="..\SRC\CBOX.CPP">
      <Filter>Source Files</Filter>
    </ClCompile>
    <ClCompile Include="..\SRC\CNCTMODE.CPP">
      <Filter>Source Files</Filter>
    </ClCompile>
    <ClCompile Include="..\SRC\CONDUCT.CPP">
      <Filter>Source Files</Filter>
    </ClCompile>
    <ClCompile Include="..\SRC\CONVDLG.CPP">
      <Filter>Source Files</Filter>
    </ClCompile>
    <ClCompile Include="..\SRC\CSPOT.CPP">
      <Filter>Source Files</Filter>
    </ClCompile>
    <ClCompile Include="..\SRC\Diagitem.cpp">
      <Filter>Source Files</Filter>
    </ClCompile>
    <ClCompile Include="..\SRC\DLG0.CPP">
      <Filter>Source Files</Filter>
    </ClCompile>
    <ClCompile Include="..\SRC\DRAWITEM.CPP">
      <Filter>Source Files</Filter>
    </ClCompile>
    <ClCompile Include="..\SRC\DRAWOBJ.CPP">
      <Filter>Source Files</Filter>
    </ClCompile>
    <ClCompile Include="..\SRC\DRAWPRIM.CPP">
      <Filter>Source Files</Filter>
    </ClCompile>
    <ClCompile Include="..\SRC\DVEIWIDS.CPP">
      <Filter>Source Files</Filter>
    </ClCompile>
    <ClCompile Include="..\SRC\DVIEW0.CPP">
      <Filter>Source Files</Filter>
    </ClCompile>
    <ClCompile Include="..\SRC\DVIEW1.CPP">
      <Filter>Source Files</Filter>
    </ClCompile>
    <ClCompile Include="..\SRC\DVIEW2.CPP">
      <Filter>Source Files</Filter>
    </ClCompile>
    <ClCompile Include="..\SRC\DVIEW3.CPP">
      <Filter>Source Files</Filter>
    </ClCompile>
    <ClCompile Include="..\SRC\DVPRINT.CPP">
      <Filter>Source Files</Filter>
    </ClCompile>
    <ClCompile Include="..\SRC\DWIN.CPP">
      <Filter>Source Files</Filter>
    </ClCompile>
    <ClCompile Include="..\SRC\fulink.cpp">
      <Filter>Source Files</Filter>
    </ClCompile>
    <ClCompile Include="..\SRC\GRAPHDOC.CPP">
      <Filter>Source Files</Filter>
    </ClCompile>
    <ClCompile Include="..\SRC\gSpace.cpp">
      <Filter>Source Files</Filter>
    </ClCompile>
    <ClCompile Include="..\SRC\IDNTREEB.CPP">
      <Filter>Source Files</Filter>
    </ClCompile>
    <ClCompile Include="..\SRC\INSTRDLG.CPP">
      <Filter>Source Files</Filter>
    </ClCompile>
    <ClCompile Include="..\SRC\KSIKEY.CPP">
      <Filter>Source Files</Filter>
    </ClCompile>
    <ClCompile Include="..\SRC\KSIUTIL.CPP">
      <Filter>Source Files</Filter>
    </ClCompile>
    <ClCompile Include="..\SRC\LAWDLG.CPP">
      <Filter>Source Files</Filter>
    </ClCompile>
    <ClCompile Include="..\SRC\LINETMPL.CPP">
      <Filter>Source Files</Filter>
    </ClCompile>
    <ClCompile Include="..\SRC\LOMEDIT.CPP">
      <Filter>Source Files</Filter>
    </ClCompile>
    <ClCompile Include="..\SRC\MAPMOLE.CPP">
      <Filter>Source Files</Filter>
    </ClCompile>
    <ClCompile Include="..\SRC\MAPSTORE.CPP">
      <Filter>Source Files</Filter>
    </ClCompile>
    <ClCompile Include="..\SRC\MAPUPDTR.CPP">
      <Filter>Source Files</Filter>
    </ClCompile>
    <ClCompile Include="..\SRC\MathConst.cpp">
      <Filter>Source Files</Filter>
    </ClCompile>
    <ClCompile Include="..\SRC\MATHUTIL.CPP">
      <Filter>Source Files</Filter>
    </ClCompile>
    <ClCompile Include="..\SRC\MDOC.CPP">
      <Filter>Source Files</Filter>
    </ClCompile>
    <ClCompile Include="..\SRC\MEASMODE.CPP">
      <Filter>Source Files</Filter>
    </ClCompile>
    <ClCompile Include="..\SRC\merkator.cpp">
      <Filter>Source Files</Filter>
    </ClCompile>
    <ClCompile Include="..\SRC\MISCMODE.CPP">
      <Filter>Source Files</Filter>
    </ClCompile>
    <ClCompile Include="..\SRC\MOVEMODE.CPP">
      <Filter>Source Files</Filter>
    </ClCompile>
    <ClCompile Include="..\SRC\MSUTIL.CPP">
      <Filter>Source Files</Filter>
    </ClCompile>
    <ClCompile Include="..\SRC\MVIEW.CPP">
      <Filter>Source Files</Filter>
    </ClCompile>
    <ClCompile Include="..\SRC\MYBAR.CPP">
      <Filter>Source Files</Filter>
    </ClCompile>
    <ClCompile Include="..\SRC\OBJDEF.CPP">
      <Filter>Source Files</Filter>
    </ClCompile>
    <ClCompile Include="..\SRC\OBJTREE.CPP">
      <Filter>Source Files</Filter>
    </ClCompile>
    <ClCompile Include="..\SRC\PFMODE.CPP">
      <Filter>Source Files</Filter>
    </ClCompile>
    <ClCompile Include="..\SRC\Polar.cpp">
      <Filter>Source Files</Filter>
    </ClCompile>
    <ClCompile Include="..\SRC\POSLIST.CPP">
      <Filter>Source Files</Filter>
    </ClCompile>
    <ClCompile Include="..\SRC\PRNDLG.CPP">
      <Filter>Source Files</Filter>
    </ClCompile>
    <ClCompile Include="..\SRC\PTRECT.CPP">
      <Filter>Source Files</Filter>
    </ClCompile>
    <ClCompile Include="..\SRC\RECTMODE.CPP">
      <Filter>Source Files</Filter>
    </ClCompile>
    <ClCompile Include="..\SRC\rgnspace.cpp">
      <Filter>Source Files</Filter>
    </ClCompile>
    <ClCompile Include="..\SRC\RSTRMODE.CPP">
      <Filter>Source Files</Filter>
    </ClCompile>
    <ClCompile Include="..\SRC\SELMODE.CPP">
      <Filter>Source Files</Filter>
    </ClCompile>
    <ClCompile Include="..\SRC\SHABDLG.CPP">
      <Filter>Source Files</Filter>
    </ClCompile>
    <ClCompile Include="..\SRC\SLTRMODE.CPP">
      <Filter>Source Files</Filter>
    </ClCompile>
    <ClCompile Include="..\SRC\SPCTREE.CPP">
      <Filter>Source Files</Filter>
    </ClCompile>
    <ClCompile Include="..\SRC\SPINMODE.CPP">
      <Filter>Source Files</Filter>
    </ClCompile>
    <ClCompile Include="..\SRC\SPLMODE.CPP">
      <Filter>Source Files</Filter>
    </ClCompile>
    <ClCompile Include="..\SRC\STDAFX.CPP">
      <Filter>Source Files</Filter>
    </ClCompile>
    <ClCompile Include="..\SRC\SUBLDLG.CPP">
      <Filter>Source Files</Filter>
    </ClCompile>
    <ClCompile Include="..\SRC\Undo.cpp">
      <Filter>Source Files</Filter>
    </ClCompile>
    <ClCompile Include="..\SRC\UTIL.CPP">
      <Filter>Source Files</Filter>
    </ClCompile>
  </ItemGroup>
  <ItemGroup>
    <ClInclude Include="..\SRC\dvprint.h">
      <Filter>Header Files</Filter>
    </ClInclude>
    <ClInclude Include="..\SRC\MathConst.h">
      <Filter>Header Files</Filter>
    </ClInclude>
    <ClInclude Include="..\SRC\mercator.h">
      <Filter>Header Files</Filter>
    </ClInclude>
    <ClInclude Include="..\SRC\polar.h">
      <Filter>Header Files</Filter>
    </ClInclude>
    <ClInclude Include="..\SRC\rgnspace.h">
      <Filter>Header Files</Filter>
    </ClInclude>
  </ItemGroup>
  <ItemGroup>
    <Image Include="..\SRC\RES\bitmap1.bmp">
      <Filter>Resource Files</Filter>
    </Image>
    <Image Include="..\SRC\RES\blue.bmp">
      <Filter>Resource Files</Filter>
    </Image>
    <Image Include="..\SRC\RES\cr_arrow.bmp">
      <Filter>Resource Files</Filter>
    </Image>
    <Image Include="..\SRC\RES\cw_arrow.bmp">
      <Filter>Resource Files</Filter>
    </Image>
    <Image Include="..\SRC\RES\d_arrow.bmp">
      <Filter>Resource Files</Filter>
    </Image>
    <Image Include="..\SRC\RES\delete.bmp">
      <Filter>Resource Files</Filter>
    </Image>
    <Image Include="..\SRC\RES\full_siz.bmp">
      <Filter>Resource Files</Filter>
    </Image>
    <Image Include="..\SRC\RES\green.bmp">
      <Filter>Resource Files</Filter>
    </Image>
    <Image Include="..\SRC\RES\horz_siz.bmp">
      <Filter>Resource Files</Filter>
    </Image>
    <Image Include="..\SRC\RES\icon1.ico">
      <Filter>Resource Files</Filter>
    </Image>
    <Image Include="..\SRC\RES\icon2.ico">
      <Filter>Resource Files</Filter>
    </Image>
    <Image Include="..\SRC\RES\icon3.ico">
      <Filter>Resource Files</Filter>
    </Image>
    <Image Include="..\SRC\RES\icon4.ico">
      <Filter>Resource Files</Filter>
    </Image>
    <Image Include="..\SRC\RES\l_arrow.bmp">
      <Filter>Resource Files</Filter>
    </Image>
    <Image Include="..\SRC\RES\load_arr.bmp">
      <Filter>Resource Files</Filter>
    </Image>
    <Image Include="..\SRC\RES\map_mod1.bmp">
      <Filter>Resource Files</Filter>
    </Image>
    <Image Include="..\SRC\RES\map_mode.bmp">
      <Filter>Resource Files</Filter>
    </Image>
    <Image Include="..\SRC\RES\map_prin.bmp">
      <Filter>Resource Files</Filter>
    </Image>
    <Image Include="..\SRC\RES\map_user.bmp">
      <Filter>Resource Files</Filter>
    </Image>
    <Image Include="..\SRC\RES\MOLE.ICO">
      <Filter>Resource Files</Filter>
    </Image>
    <Image Include="..\SRC\RES\r_arrow.bmp">
      <Filter>Resource Files</Filter>
    </Image>
    <Image Include="..\SRC\RES\range_do.bmp">
      <Filter>Resource Files</Filter>
    </Image>
    <Image Include="..\SRC\RES\range_up.bmp">
      <Filter>Resource Files</Filter>
    </Image>
    <Image Include="..\SRC\RES\seljump.bmp">
      <Filter>Resource Files</Filter>
    </Image>
    <Image Include="..\SRC\RES\u_arrow.bmp">
      <Filter>Resource Files</Filter>
    </Image>
    <Image Include="..\SRC\RES\unload_a.bmp">
      <Filter>Resource Files</Filter>
    </Image>
    <Image Include="..\SRC\RES\vert_siz.bmp">
      <Filter>Resource Files</Filter>
    </Image>
  </ItemGroup>
  <ItemGroup>
    <ResourceCompile Include="..\SRC\mole.RC">
      <Filter>Resource Files</Filter>
    </ResourceCompile>
  </ItemGroup>
  <ItemGroup>
    <Library Include="..\lib\gc.lib" />
    <Library Include="..\lib\joke-3.5.1.lib" />
    <Library Include="..\lib\ksi-3.5.1.lib" />
    <Library Include="C:\SDK2002\Lib\ComDlg32.Lib" />
  </ItemGroup>
  <ItemGroup>
    <CustomBuild Include="..\SRC\RES\ADDSEL.CUR">
      <Filter>Resource Files</Filter>
    </CustomBuild>
    <CustomBuild Include="..\SRC\RES\change_c.cur">
      <Filter>Resource Files</Filter>
    </CustomBuild>
    <CustomBuild Include="..\SRC\RES\changepa.cur">
      <Filter>Resource Files</Filter>
    </CustomBuild>
    <CustomBuild Include="..\SRC\RES\decscale.cur">
      <Filter>Resource Files</Filter>
    </CustomBuild>
    <CustomBuild Include="..\SRC\RES\draw.cur">
      <Filter>Resource Files</Filter>
    </CustomBuild>
    <CustomBuild Include="..\SRC\RES\editobj.cur">
      <Filter>Resource Files</Filter>
    </CustomBuild>
    <CustomBuild Include="..\SRC\RES\externpa.cur">
      <Filter>Resource Files</Filter>
    </CustomBuild>
    <CustomBuild Include="..\SRC\RES\hand.cur">
      <Filter>Resource Files</Filter>
    </CustomBuild>
    <CustomBuild Include="..\SRC\RES\incscale.cur">
      <Filter>Resource Files</Filter>
    </CustomBuild>
    <CustomBuild Include="..\SRC\RES\ltd_dele.cur">
      <Filter>Resource Files</Filter>
    </CustomBuild>
    <CustomBuild Include="..\SRC\RES\ltd_inse.cur">
      <Filter>Resource Files</Filter>
    </CustomBuild>
    <CustomBuild Include="..\SRC\RES\ltd_move.cur">
      <Filter>Resource Files</Filter>
    </CustomBuild>
    <CustomBuild Include="..\SRC\RES\MOVE.CUR">
      <Filter>Resource Files</Filter>
    </CustomBuild>
    <CustomBuild Include="..\SRC\RES\printfra.cur">
      <Filter>Resource Files</Filter>
    </CustomBuild>
    <CustomBuild Include="..\SRC\RES\restore.cur">
      <Filter>Resource Files</Filter>
    </CustomBuild>
    <CustomBuild Include="..\SRC\RES\SELECT.CUR">
      <Filter>Resource Files</Filter>
    </CustomBuild>
    <CustomBuild Include="..\SRC\RES\selecttr.cur">
      <Filter>Resource Files</Filter>
    </CustomBuild>
    <CustomBuild Include="..\SRC\RES\SUBSEL.CUR">
      <Filter>Resource Files</Filter>
    </CustomBuild>
    <CustomBuild Include="..\SRC\RES\turn.cur">
      <Filter>Resource Files</Filter>
    </CustomBuild>
  </ItemGroup>
</Project>